
Microsoft Visual Studio Solution File, Format Version 12.00
# Visual Studio Version 17
VisualStudioVersion = 17.1.32228.430
MinimumVisualStudioVersion = 10.0.40219.1
Project("{FAE04EC0-301F-11D3-BF4B-00C04F79EFBC}") = "ZavrsniRDMA.Android", "ZavrsniRDMA\ZavrsniRDMA.Android\ZavrsniRDMA.Android.csproj", "{3ACA7031-3E0F-4DA6-87F8-E3A7CCEDA444}"
EndProject
Project("{FAE04EC0-301F-11D3-BF4B-00C04F79EFBC}") = "ZavrsniRDMA.iOS", "ZavrsniRDMA\ZavrsniRDMA.iOS\ZavrsniRDMA.iOS.csproj", "{50786D6E-9055-4223-9A23-1DBCDDCAB7EE}"
EndProject
Project("{9A19103F-16F7-4668-BE54-9A1E7A4F7556}") = "ZavrsniRDMA", "ZavrsniRDMA\ZavrsniRDMA\ZavrsniRDMA.csproj", "{7E55D196-F2D8-4FA2-8ED1-CF0305FABFA2}"
EndProject
Global
	GlobalSection(SolutionConfigurationPlatforms) = preSolution
		Debug|Any CPU = Debug|Any CPU
		Debug|iPhone = Debug|iPhone
		Debug|iPhoneSimulator = Debug|iPhoneSimulator
		Release|Any CPU = Release|Any CPU
		Release|iPhone = Release|iPhone
		Release|iPhoneSimulator = Release|iPhoneSimulator
	EndGlobalSection
	GlobalSection(ProjectConfigurationPlatforms) = postSolution
		{3ACA7031-3E0F-4DA6-87F8-E3A7CCEDA444}.Debug|Any CPU.ActiveCfg = Debug|Any CPU
		{3ACA7031-3E0F-4DA6-87F8-E3A7CCEDA444}.Debug|Any CPU.Build.0 = Debug|Any CPU
		{3ACA7031-3E0F-4DA6-87F8-E3A7CCEDA444}.Debug|Any CPU.Deploy.0 = Debug|Any CPU
		{3ACA7031-3E0F-4DA6-87F8-E3A7CCEDA444}.Debug|iPhone.ActiveCfg = Debug|Any CPU
		{3ACA7031-3E0F-4DA6-87F8-E3A7CCEDA444}.Debug|iPhone.Build.0 = Debug|Any CPU
		{3ACA7031-3E0F-4DA6-87F8-E3A7CCEDA444}.Debug|iPhone.Deploy.0 = Debug|Any CPU
		{3ACA7031-3E0F-4DA6-87F8-E3A7CCEDA444}.Debug|iPhoneSimulator.ActiveCfg = Debug|Any CPU
		{3ACA7031-3E0F-4DA6-87F8-E3A7CCEDA444}.Debug|iPhoneSimulator.Build.0 = Debug|Any CPU
		{3ACA7031-3E0F-4DA6-87F8-E3A7CCEDA444}.Debug|iPhoneSimulator.Deploy.0 = Debug|Any CPU
		{3ACA7031-3E0F-4DA6-87F8-E3A7CCEDA444}.Release|Any CPU.ActiveCfg = Release|Any CPU
		{3ACA7031-3E0F-4DA6-87F8-E3A7CCEDA444}.Release|Any CPU.Build.0 = Release|Any CPU
		{3ACA7031-3E0F-4DA6-87F8-E3A7CCEDA444}.Release|Any CPU.Deploy.0 = Release|Any CPU
		{3ACA7031-3E0F-4DA6-87F8-E3A7CCEDA444}.Release|iPhone.ActiveCfg = Release|Any CPU
		{3ACA7031-3E0F-4DA6-87F8-E3A7CCEDA444}.Release|iPhone.Build.0 = Release|Any CPU
		{3ACA7031-3E0F-4DA6-87F8-E3A7CCEDA444}.Release|iPhone.Deploy.0 = Release|Any CPU
		{3ACA7031-3E0F-4DA6-87F8-E3A7CCEDA444}.Release|iPhoneSimulator.ActiveCfg = Release|Any CPU
		{3ACA7031-3E0F-4DA6-87F8-E3A7CCEDA444}.Release|iPhoneSimulator.Build.0 = Release|Any CPU
		{3ACA7031-3E0F-4DA6-87F8-E3A7CCEDA444}.Release|iPhoneSimulator.Deploy.0 = Release|Any CPU
		{50786D6E-9055-4223-9A23-1DBCDDCAB7EE}.Debug|Any CPU.ActiveCfg = Debug|iPhone
		{50786D6E-9055-4223-9A23-1DBCDDCAB7EE}.Debug|Any CPU.Build.0 = Debug|iPhone
		{50786D6E-9055-4223-9A23-1DBCDDCAB7EE}.Debug|Any CPU.Deploy.0 = Debug|iPhone
		{50786D6E-9055-4223-9A23-1DBCDDCAB7EE}.Debug|iPhone.ActiveCfg = Debug|iPhone
		{50786D6E-9055-4223-9A23-1DBCDDCAB7EE}.Debug|iPhone.Build.0 = Debug|iPhone
		{50786D6E-9055-4223-9A23-1DBCDDCAB7EE}.Debug|iPhone.Deploy.0 = Debug|iPhone
		{50786D6E-9055-4223-9A23-1DBCDDCAB7EE}.Debug|iPhoneSimulator.ActiveCfg = Debug|iPhoneSimulator
		{50786D6E-9055-4223-9A23-1DBCDDCAB7EE}.Debug|iPhoneSimulator.Build.0 = Debug|iPhoneSimulator
		{50786D6E-9055-4223-9A23-1DBCDDCAB7EE}.Debug|iPhoneSimulator.Deploy.0 = Debug|iPhoneSimulator
		{50786D6E-9055-4223-9A23-1DBCDDCAB7EE}.Release|Any CPU.ActiveCfg = Release|iPhoneSimulator
		{50786D6E-9055-4223-9A23-1DBCDDCAB7EE}.Release|Any CPU.Build.0 = Release|iPhoneSimulator
		{50786D6E-9055-4223-9A23-1DBCDDCAB7EE}.Release|Any CPU.Deploy.0 = Release|iPhoneSimulator
		{50786D6E-9055-4223-9A23-1DBCDDCAB7EE}.Release|iPhone.ActiveCfg = Release|iPhone
		{50786D6E-9055-4223-9A23-1DBCDDCAB7EE}.Release|iPhone.Build.0 = Release|iPhone
		{50786D6E-9055-4223-9A23-1DBCDDCAB7EE}.Release|iPhone.Deploy.0 = Release|iPhone
		{50786D6E-9055-4223-9A23-1DBCDDCAB7EE}.Release|iPhoneSimulator.ActiveCfg = Release|iPhoneSimulator
		{50786D6E-9055-4223-9A23-1DBCDDCAB7EE}.Release|iPhoneSimulator.Build.0 = Release|iPhoneSimulator
		{50786D6E-9055-4223-9A23-1DBCDDCAB7EE}.Release|iPhoneSimulator.Deploy.0 = Release|iPhoneSimulator
		{7E55D196-F2D8-4FA2-8ED1-CF0305FABFA2}.Debug|Any CPU.ActiveCfg = Debug|Any CPU
		{7E55D196-F2D8-4FA2-8ED1-CF0305FABFA2}.Debug|Any CPU.Build.0 = Debug|Any CPU
		{7E55D196-F2D8-4FA2-8ED1-CF0305FABFA2}.Debug|Any CPU.Deploy.0 = Debug|Any CPU
		{7E55D196-F2D8-4FA2-8ED1-CF0305FABFA2}.Debug|iPhone.ActiveCfg = Debug|Any CPU
		{7E55D196-F2D8-4FA2-8ED1-CF0305FABFA2}.Debug|iPhone.Build.0 = Debug|Any CPU
		{7E55D196-F2D8-4FA2-8ED1-CF0305FABFA2}.Debug|iPhone.Deploy.0 = Debug|Any CPU
		{7E55D196-F2D8-4FA2-8ED1-CF0305FABFA2}.Debug|iPhoneSimulator.ActiveCfg = Debug|Any CPU
		{7E55D196-F2D8-4FA2-8ED1-CF0305FABFA2}.Debug|iPhoneSimulator.Build.0 = Debug|Any CPU
		{7E55D196-F2D8-4FA2-8ED1-CF0305FABFA2}.Debug|iPhoneSimulator.Deploy.0 = Debug|Any CPU
		{7E55D196-F2D8-4FA2-8ED1-CF0305FABFA2}.Release|Any CPU.ActiveCfg = Release|Any CPU
		{7E55D196-F2D8-4FA2-8ED1-CF0305FABFA2}.Release|Any CPU.Build.0 = Release|Any CPU
		{7E55D196-F2D8-4FA2-8ED1-CF0305FABFA2}.Release|Any CPU.Deploy.0 = Release|Any CPU
		{7E55D196-F2D8-4FA2-8ED1-CF0305FABFA2}.Release|iPhone.ActiveCfg = Release|Any CPU
		{7E55D196-F2D8-4FA2-8ED1-CF0305FABFA2}.Release|iPhone.Build.0 = Release|Any CPU
		{7E55D196-F2D8-4FA2-8ED1-CF0305FABFA2}.Release|iPhone.Deploy.0 = Release|Any CPU
		{7E55D196-F2D8-4FA2-8ED1-CF0305FABFA2}.Release|iPhoneSimulator.ActiveCfg = Release|Any CPU
		{7E55D196-F2D8-4FA2-8ED1-CF0305FABFA2}.Release|iPhoneSimulator.Build.0 = Release|Any CPU
		{7E55D196-F2D8-4FA2-8ED1-CF0305FABFA2}.Release|iPhoneSimulator.Deploy.0 = Release|Any CPU
	EndGlobalSection
	GlobalSection(SolutionProperties) = preSolution
		HideSolutionNode = FALSE
	EndGlobalSection
	GlobalSection(ExtensibilityGlobals) = postSolution
		SolutionGuid = {389406C5-C387-4345-B933-7F7A12B80484}
	EndGlobalSection
EndGlobal
